
Microsoft Visual Studio Solution File, Format Version 12.00
# Visual Studio 15
VisualStudioVersion = 15.0.26730.16
MinimumVisualStudioVersion = 10.0.40219.1
Project("{FAE04EC0-301F-11D3-BF4B-00C04F79EFBC}") = "DocumentDBCollection", "DocumentDBCollection\DocumentDBCollection.csproj", "{44F965E8-DC9B-49A8-A951-85C51549E68B}"
EndProject
Global
	GlobalSection(SolutionConfigurationPlatforms) = preSolution
		Debug|Any CPU = Debug|Any CPU
		Release|Any CPU = Release|Any CPU
	EndGlobalSection
	GlobalSection(ProjectConfigurationPlatforms) = postSolution
		{44F965E8-DC9B-49A8-A951-85C51549E68B}.Debug|Any CPU.ActiveCfg = Debug|Any CPU
		{44F965E8-DC9B-49A8-A951-85C51549E68B}.Debug|Any CPU.Build.0 = Debug|Any CPU
		{44F965E8-DC9B-49A8-A951-85C51549E68B}.Release|Any CPU.ActiveCfg = Release|Any CPU
		{44F965E8-DC9B-49A8-A951-85C51549E68B}.Release|Any CPU.Build.0 = Release|Any CPU
	EndGlobalSection
	GlobalSection(SolutionProperties) = preSolution
		HideSolutionNode = FALSE
	EndGlobalSection
	GlobalSection(ExtensibilityGlobals) = postSolution
		SolutionGuid = {B689A1D5-232E-48BD-B6B5-90F5B8403BBC}
	EndGlobalSection
EndGlobal
